
Microsoft Visual Studio Solution File, Format Version 12.00
# Visual Studio Version 17
VisualStudioVersion = 17.4.33122.133
MinimumVisualStudioVersion = 10.0.40219.1
Project("{9A19103F-16F7-4668-BE54-9A1E7A4F7556}") = "FiguresArea", "FiguresArea\FiguresArea.csproj", "{14E07626-D5F3-4F0F-9A4B-39D6CC8D7C45}"
EndProject
Project("{9A19103F-16F7-4668-BE54-9A1E7A4F7556}") = "Client", "Client\Client.csproj", "{9646FB17-B712-45F5-A26D-20D9355E33F7}"
EndProject
Project("{9A19103F-16F7-4668-BE54-9A1E7A4F7556}") = "FiguresArea.Tests", "FiguresAreaTests\FiguresArea.Tests.csproj", "{A0EFCBFD-8B70-459B-AB3C-9676185DD066}"
EndProject
Project("{2150E333-8FDC-42A3-9474-1A3956D46DE8}") = "SQLRequest", "SQLRequest", "{4F8CA218-226C-431A-B4C8-3ABCC075378F}"
	ProjectSection(SolutionItems) = preProject
		Product_Category.sql = Product_Category.sql
	EndProjectSection
EndProject
Global
	GlobalSection(SolutionConfigurationPlatforms) = preSolution
		Debug|Any CPU = Debug|Any CPU
		Release|Any CPU = Release|Any CPU
	EndGlobalSection
	GlobalSection(ProjectConfigurationPlatforms) = postSolution
		{14E07626-D5F3-4F0F-9A4B-39D6CC8D7C45}.Debug|Any CPU.ActiveCfg = Debug|Any CPU
		{14E07626-D5F3-4F0F-9A4B-39D6CC8D7C45}.Debug|Any CPU.Build.0 = Debug|Any CPU
		{14E07626-D5F3-4F0F-9A4B-39D6CC8D7C45}.Release|Any CPU.ActiveCfg = Release|Any CPU
		{14E07626-D5F3-4F0F-9A4B-39D6CC8D7C45}.Release|Any CPU.Build.0 = Release|Any CPU
		{9646FB17-B712-45F5-A26D-20D9355E33F7}.Debug|Any CPU.ActiveCfg = Debug|Any CPU
		{9646FB17-B712-45F5-A26D-20D9355E33F7}.Debug|Any CPU.Build.0 = Debug|Any CPU
		{9646FB17-B712-45F5-A26D-20D9355E33F7}.Release|Any CPU.ActiveCfg = Release|Any CPU
		{9646FB17-B712-45F5-A26D-20D9355E33F7}.Release|Any CPU.Build.0 = Release|Any CPU
		{A0EFCBFD-8B70-459B-AB3C-9676185DD066}.Debug|Any CPU.ActiveCfg = Debug|Any CPU
		{A0EFCBFD-8B70-459B-AB3C-9676185DD066}.Debug|Any CPU.Build.0 = Debug|Any CPU
		{A0EFCBFD-8B70-459B-AB3C-9676185DD066}.Release|Any CPU.ActiveCfg = Release|Any CPU
		{A0EFCBFD-8B70-459B-AB3C-9676185DD066}.Release|Any CPU.Build.0 = Release|Any CPU
	EndGlobalSection
	GlobalSection(SolutionProperties) = preSolution
		HideSolutionNode = FALSE
	EndGlobalSection
	GlobalSection(ExtensibilityGlobals) = postSolution
		SolutionGuid = {9CEB6699-076A-43D1-9940-E585A8851FD8}
	EndGlobalSection
EndGlobal
